
Microsoft Visual Studio Solution File, Format Version 12.00
# Visual Studio 15
VisualStudioVersion = 15.0.26124.0
MinimumVisualStudioVersion = 15.0.26124.0
Project("{FAE04EC0-301F-11D3-BF4B-00C04F79EFBC}") = "Main", "Main\Main.csproj", "{E54A3AA1-AA93-4FF2-AB0A-322448D38A5A}"
EndProject
Project("{FAE04EC0-301F-11D3-BF4B-00C04F79EFBC}") = "TimLib", "TimLib\TimLib.csproj", "{C8554288-8CBD-4222-B0C2-B98447CAE992}"
EndProject
Project("{FAE04EC0-301F-11D3-BF4B-00C04F79EFBC}") = "DNTLib", "DNTLib\DNTLib.csproj", "{F898963A-8E1A-4C64-82F3-38001B36392F}"
EndProject
Global
	GlobalSection(SolutionConfigurationPlatforms) = preSolution
		Debug|Any CPU = Debug|Any CPU
		Debug|x64 = Debug|x64
		Debug|x86 = Debug|x86
		Release|Any CPU = Release|Any CPU
		Release|x64 = Release|x64
		Release|x86 = Release|x86
	EndGlobalSection
	GlobalSection(SolutionProperties) = preSolution
		HideSolutionNode = FALSE
	EndGlobalSection
	GlobalSection(ProjectConfigurationPlatforms) = postSolution
		{E54A3AA1-AA93-4FF2-AB0A-322448D38A5A}.Debug|Any CPU.ActiveCfg = Debug|Any CPU
		{E54A3AA1-AA93-4FF2-AB0A-322448D38A5A}.Debug|Any CPU.Build.0 = Debug|Any CPU
		{E54A3AA1-AA93-4FF2-AB0A-322448D38A5A}.Debug|x64.ActiveCfg = Debug|Any CPU
		{E54A3AA1-AA93-4FF2-AB0A-322448D38A5A}.Debug|x64.Build.0 = Debug|Any CPU
		{E54A3AA1-AA93-4FF2-AB0A-322448D38A5A}.Debug|x86.ActiveCfg = Debug|Any CPU
		{E54A3AA1-AA93-4FF2-AB0A-322448D38A5A}.Debug|x86.Build.0 = Debug|Any CPU
		{E54A3AA1-AA93-4FF2-AB0A-322448D38A5A}.Release|Any CPU.ActiveCfg = Release|Any CPU
		{E54A3AA1-AA93-4FF2-AB0A-322448D38A5A}.Release|Any CPU.Build.0 = Release|Any CPU
		{E54A3AA1-AA93-4FF2-AB0A-322448D38A5A}.Release|x64.ActiveCfg = Release|Any CPU
		{E54A3AA1-AA93-4FF2-AB0A-322448D38A5A}.Release|x64.Build.0 = Release|Any CPU
		{E54A3AA1-AA93-4FF2-AB0A-322448D38A5A}.Release|x86.ActiveCfg = Release|Any CPU
		{E54A3AA1-AA93-4FF2-AB0A-322448D38A5A}.Release|x86.Build.0 = Release|Any CPU
		{C8554288-8CBD-4222-B0C2-B98447CAE992}.Debug|Any CPU.ActiveCfg = Debug|Any CPU
		{C8554288-8CBD-4222-B0C2-B98447CAE992}.Debug|Any CPU.Build.0 = Debug|Any CPU
		{C8554288-8CBD-4222-B0C2-B98447CAE992}.Debug|x64.ActiveCfg = Debug|Any CPU
		{C8554288-8CBD-4222-B0C2-B98447CAE992}.Debug|x64.Build.0 = Debug|Any CPU
		{C8554288-8CBD-4222-B0C2-B98447CAE992}.Debug|x86.ActiveCfg = Debug|Any CPU
		{C8554288-8CBD-4222-B0C2-B98447CAE992}.Debug|x86.Build.0 = Debug|Any CPU
		{C8554288-8CBD-4222-B0C2-B98447CAE992}.Release|Any CPU.ActiveCfg = Release|Any CPU
		{C8554288-8CBD-4222-B0C2-B98447CAE992}.Release|Any CPU.Build.0 = Release|Any CPU
		{C8554288-8CBD-4222-B0C2-B98447CAE992}.Release|x64.ActiveCfg = Release|Any CPU
		{C8554288-8CBD-4222-B0C2-B98447CAE992}.Release|x64.Build.0 = Release|Any CPU
		{C8554288-8CBD-4222-B0C2-B98447CAE992}.Release|x86.ActiveCfg = Release|Any CPU
		{C8554288-8CBD-4222-B0C2-B98447CAE992}.Release|x86.Build.0 = Release|Any CPU
		{F898963A-8E1A-4C64-82F3-38001B36392F}.Debug|Any CPU.ActiveCfg = Debug|Any CPU
		{F898963A-8E1A-4C64-82F3-38001B36392F}.Debug|Any CPU.Build.0 = Debug|Any CPU
		{F898963A-8E1A-4C64-82F3-38001B36392F}.Debug|x64.ActiveCfg = Debug|Any CPU
		{F898963A-8E1A-4C64-82F3-38001B36392F}.Debug|x64.Build.0 = Debug|Any CPU
		{F898963A-8E1A-4C64-82F3-38001B36392F}.Debug|x86.ActiveCfg = Debug|Any CPU
		{F898963A-8E1A-4C64-82F3-38001B36392F}.Debug|x86.Build.0 = Debug|Any CPU
		{F898963A-8E1A-4C64-82F3-38001B36392F}.Release|Any CPU.ActiveCfg = Release|Any CPU
		{F898963A-8E1A-4C64-82F3-38001B36392F}.Release|Any CPU.Build.0 = Release|Any CPU
		{F898963A-8E1A-4C64-82F3-38001B36392F}.Release|x64.ActiveCfg = Release|Any CPU
		{F898963A-8E1A-4C64-82F3-38001B36392F}.Release|x64.Build.0 = Release|Any CPU
		{F898963A-8E1A-4C64-82F3-38001B36392F}.Release|x86.ActiveCfg = Release|Any CPU
		{F898963A-8E1A-4C64-82F3-38001B36392F}.Release|x86.Build.0 = Release|Any CPU
	EndGlobalSection
EndGlobal
